
Microsoft Visual Studio Solution File, Format Version 12.00
# Visual Studio 15
VisualStudioVersion = 15.0.27428.2037
MinimumVisualStudioVersion = 10.0.40219.1
Project("{FAE04EC0-301F-11D3-BF4B-00C04F79EFBC}") = "Examen1", "Examen1\Examen1.csproj", "{5C226320-E056-402F-81C3-201BA51A2995}"
EndProject
Global
	GlobalSection(SolutionConfigurationPlatforms) = preSolution
		Debug|Any CPU = Debug|Any CPU
		Release|Any CPU = Release|Any CPU
	EndGlobalSection
	GlobalSection(ProjectConfigurationPlatforms) = postSolution
		{5C226320-E056-402F-81C3-201BA51A2995}.Debug|Any CPU.ActiveCfg = Debug|Any CPU
		{5C226320-E056-402F-81C3-201BA51A2995}.Debug|Any CPU.Build.0 = Debug|Any CPU
		{5C226320-E056-402F-81C3-201BA51A2995}.Release|Any CPU.ActiveCfg = Release|Any CPU
		{5C226320-E056-402F-81C3-201BA51A2995}.Release|Any CPU.Build.0 = Release|Any CPU
	EndGlobalSection
	GlobalSection(SolutionProperties) = preSolution
		HideSolutionNode = FALSE
	EndGlobalSection
	GlobalSection(ExtensibilityGlobals) = postSolution
		SolutionGuid = {FD520E1F-75B8-4285-BCE7-BF8138AFD03B}
	EndGlobalSection
EndGlobal
